
Microsoft Visual Studio Solution File, Format Version 12.00
# Visual Studio Version 17
VisualStudioVersion = 17.6.33723.286
MinimumVisualStudioVersion = 10.0.40219.1
Project("{888888A0-9F3D-457C-B088-3A5042F75D52}") = "rl", "rl.pyproj", "{669D839B-118D-4433-98C3-1CAEBDA43EFC}"
EndProject
Global
	GlobalSection(SolutionConfigurationPlatforms) = preSolution
		Debug|Any CPU = Debug|Any CPU
		Release|Any CPU = Release|Any CPU
	EndGlobalSection
	GlobalSection(ProjectConfigurationPlatforms) = postSolution
		{669D839B-118D-4433-98C3-1CAEBDA43EFC}.Debug|Any CPU.ActiveCfg = Debug|Any CPU
		{669D839B-118D-4433-98C3-1CAEBDA43EFC}.Release|Any CPU.ActiveCfg = Release|Any CPU
	EndGlobalSection
	GlobalSection(SolutionProperties) = preSolution
		HideSolutionNode = FALSE
	EndGlobalSection
	GlobalSection(ExtensibilityGlobals) = postSolution
		SolutionGuid = {54243CA5-629B-4C89-A3C5-DD6A9A9EF110}
	EndGlobalSection
EndGlobal
